
Microsoft Visual Studio Solution File, Format Version 12.00
# Visual Studio Version 16
VisualStudioVersion = 16.0.31129.286
MinimumVisualStudioVersion = 10.0.40219.1
Project("{FAE04EC0-301F-11D3-BF4B-00C04F79EFBC}") = "Domain", "src\Domain\Domain.csproj", "{FE273CBC-644B-4F0A-B725-3697B2EF43BA}"
EndProject
Project("{FAE04EC0-301F-11D3-BF4B-00C04F79EFBC}") = "Application", "src\Application\Application.csproj", "{0818DFB0-910E-47AE-8131-3A6819C33C45}"
EndProject
Project("{FAE04EC0-301F-11D3-BF4B-00C04F79EFBC}") = "WebApp", "src\WebApp\WebApp.csproj", "{9847A014-5BED-4B9D-97A1-35A9C5577668}"
EndProject
Global
	GlobalSection(SolutionConfigurationPlatforms) = preSolution
		Debug|Any CPU = Debug|Any CPU
		Release|Any CPU = Release|Any CPU
	EndGlobalSection
	GlobalSection(ProjectConfigurationPlatforms) = postSolution
		{FE273CBC-644B-4F0A-B725-3697B2EF43BA}.Debug|Any CPU.ActiveCfg = Debug|Any CPU
		{FE273CBC-644B-4F0A-B725-3697B2EF43BA}.Debug|Any CPU.Build.0 = Debug|Any CPU
		{FE273CBC-644B-4F0A-B725-3697B2EF43BA}.Release|Any CPU.ActiveCfg = Release|Any CPU
		{FE273CBC-644B-4F0A-B725-3697B2EF43BA}.Release|Any CPU.Build.0 = Release|Any CPU
		{0818DFB0-910E-47AE-8131-3A6819C33C45}.Debug|Any CPU.ActiveCfg = Debug|Any CPU
		{0818DFB0-910E-47AE-8131-3A6819C33C45}.Debug|Any CPU.Build.0 = Debug|Any CPU
		{0818DFB0-910E-47AE-8131-3A6819C33C45}.Release|Any CPU.ActiveCfg = Release|Any CPU
		{0818DFB0-910E-47AE-8131-3A6819C33C45}.Release|Any CPU.Build.0 = Release|Any CPU
		{9847A014-5BED-4B9D-97A1-35A9C5577668}.Debug|Any CPU.ActiveCfg = Debug|Any CPU
		{9847A014-5BED-4B9D-97A1-35A9C5577668}.Debug|Any CPU.Build.0 = Debug|Any CPU
		{9847A014-5BED-4B9D-97A1-35A9C5577668}.Release|Any CPU.ActiveCfg = Release|Any CPU
		{9847A014-5BED-4B9D-97A1-35A9C5577668}.Release|Any CPU.Build.0 = Release|Any CPU
	EndGlobalSection
	GlobalSection(SolutionProperties) = preSolution
		HideSolutionNode = FALSE
	EndGlobalSection
	GlobalSection(ExtensibilityGlobals) = postSolution
		SolutionGuid = {2EFEC7B8-AD3D-48C3-A3A7-6461CBCC42D1}
	EndGlobalSection
EndGlobal
